
Microsoft Visual Studio Solution File, Format Version 12.00
# Visual Studio Version 16
VisualStudioVersion = 16.0.31321.278
MinimumVisualStudioVersion = 10.0.40219.1
Project("{8BC9CEB8-8B4A-11D0-8D11-00A0C91BC942}") = "stream", "stream\stream.vcxproj", "{FF90CCE9-C601-4B39-92DF-10A659BCF64B}"
EndProject
Global
	GlobalSection(SolutionConfigurationPlatforms) = preSolution
		Debug|x64 = Debug|x64
		Debug|x86 = Debug|x86
		Release|x64 = Release|x64
		Release|x86 = Release|x86
	EndGlobalSection
	GlobalSection(ProjectConfigurationPlatforms) = postSolution
		{FF90CCE9-C601-4B39-92DF-10A659BCF64B}.Debug|x64.ActiveCfg = Debug|x64
		{FF90CCE9-C601-4B39-92DF-10A659BCF64B}.Debug|x64.Build.0 = Debug|x64
		{FF90CCE9-C601-4B39-92DF-10A659BCF64B}.Debug|x86.ActiveCfg = Debug|Win32
		{FF90CCE9-C601-4B39-92DF-10A659BCF64B}.Debug|x86.Build.0 = Debug|Win32
		{FF90CCE9-C601-4B39-92DF-10A659BCF64B}.Release|x64.ActiveCfg = Release|x64
		{FF90CCE9-C601-4B39-92DF-10A659BCF64B}.Release|x64.Build.0 = Release|x64
		{FF90CCE9-C601-4B39-92DF-10A659BCF64B}.Release|x86.ActiveCfg = Release|Win32
		{FF90CCE9-C601-4B39-92DF-10A659BCF64B}.Release|x86.Build.0 = Release|Win32
	EndGlobalSection
	GlobalSection(SolutionProperties) = preSolution
		HideSolutionNode = FALSE
	EndGlobalSection
	GlobalSection(ExtensibilityGlobals) = postSolution
		SolutionGuid = {038D14F3-099D-4E3D-AC9A-7CF6FF757E6D}
	EndGlobalSection
EndGlobal
